
Microsoft Visual Studio Solution File, Format Version 12.00
# Visual Studio Version 17
VisualStudioVersion = 17.10.35122.118
MinimumVisualStudioVersion = 10.0.40219.1
Project("{9A19103F-16F7-4668-BE54-9A1E7A4F7556}") = "ST10251759_PROG6212_POE", "ST10251759_PROG6212_POE.csproj", "{F82DE063-A88B-4213-A1F1-6EF41F65FE1E}"
EndProject
Project("{FAE04EC0-301F-11D3-BF4B-00C04F79EFBC}") = "ST10251759_PROG6212_POE_Tests", "..\ST10251759_PROG6212_POE_Tests\ST10251759_PROG6212_POE_Tests.csproj", "{535C8438-3C9C-47FC-8CB5-6E8281BAA6B9}"
EndProject
Global
	GlobalSection(SolutionConfigurationPlatforms) = preSolution
		Debug|Any CPU = Debug|Any CPU
		Release|Any CPU = Release|Any CPU
	EndGlobalSection
	GlobalSection(ProjectConfigurationPlatforms) = postSolution
		{F82DE063-A88B-4213-A1F1-6EF41F65FE1E}.Debug|Any CPU.ActiveCfg = Debug|Any CPU
		{F82DE063-A88B-4213-A1F1-6EF41F65FE1E}.Debug|Any CPU.Build.0 = Debug|Any CPU
		{F82DE063-A88B-4213-A1F1-6EF41F65FE1E}.Release|Any CPU.ActiveCfg = Release|Any CPU
		{F82DE063-A88B-4213-A1F1-6EF41F65FE1E}.Release|Any CPU.Build.0 = Release|Any CPU
		{535C8438-3C9C-47FC-8CB5-6E8281BAA6B9}.Debug|Any CPU.ActiveCfg = Debug|Any CPU
		{535C8438-3C9C-47FC-8CB5-6E8281BAA6B9}.Debug|Any CPU.Build.0 = Debug|Any CPU
		{535C8438-3C9C-47FC-8CB5-6E8281BAA6B9}.Release|Any CPU.ActiveCfg = Release|Any CPU
		{535C8438-3C9C-47FC-8CB5-6E8281BAA6B9}.Release|Any CPU.Build.0 = Release|Any CPU
	EndGlobalSection
	GlobalSection(SolutionProperties) = preSolution
		HideSolutionNode = FALSE
	EndGlobalSection
	GlobalSection(ExtensibilityGlobals) = postSolution
		SolutionGuid = {B7139C38-B966-41CE-86B5-72DA11582DE7}
	EndGlobalSection
EndGlobal
